
Microsoft Visual Studio Solution File, Format Version 12.00
# Visual Studio Version 17
VisualStudioVersion = 17.8.34408.163
MinimumVisualStudioVersion = 10.0.40219.1
Project("{FAE04EC0-301F-11D3-BF4B-00C04F79EFBC}") = "pb1", "pb1\pb1.csproj", "{7132FDFF-7A0E-454A-A389-3797D3C9EFA7}"
EndProject
Project("{FAE04EC0-301F-11D3-BF4B-00C04F79EFBC}") = "pb2", "pb2\pb2.csproj", "{899E6349-E615-46E2-BA19-15FC7980F880}"
EndProject
Project("{FAE04EC0-301F-11D3-BF4B-00C04F79EFBC}") = "pb3", "pb3\pb3.csproj", "{3F64B01D-9959-489E-8305-6707816B8D31}"
EndProject
Project("{FAE04EC0-301F-11D3-BF4B-00C04F79EFBC}") = "pb4", "pb4\pb4.csproj", "{BD4E7453-7422-4870-94FB-6CF68A2CDB40}"
EndProject
Project("{FAE04EC0-301F-11D3-BF4B-00C04F79EFBC}") = "pb5", "pb5\pb5.csproj", "{8F1A1761-7D7D-4786-8C8E-9656D696C0A0}"
EndProject
Project("{FAE04EC0-301F-11D3-BF4B-00C04F79EFBC}") = "pb6", "pb6\pb6.csproj", "{FED658E7-D9A2-485F-933C-942962257897}"
EndProject
Project("{FAE04EC0-301F-11D3-BF4B-00C04F79EFBC}") = "pb7", "pb7\pb7.csproj", "{5A9C3145-D8D4-4F05-995C-D29134B59CFD}"
EndProject
Project("{FAE04EC0-301F-11D3-BF4B-00C04F79EFBC}") = "pb8", "pb8\pb8.csproj", "{DAB27575-8530-4BA4-BD39-C017F16505D4}"
EndProject
Project("{FAE04EC0-301F-11D3-BF4B-00C04F79EFBC}") = "pb9", "pb9\pb9.csproj", "{D6F60A4F-EC66-4900-99B1-05E73F09BB65}"
EndProject
Project("{FAE04EC0-301F-11D3-BF4B-00C04F79EFBC}") = "pb10", "pb10\pb10.csproj", "{7DBF70AF-68EB-4F41-B65B-1BDDFADFB32B}"
EndProject
Project("{FAE04EC0-301F-11D3-BF4B-00C04F79EFBC}") = "pb11", "pb11\pb11.csproj", "{9EB07B67-A716-4F24-B035-223D7B887EDA}"
EndProject
Project("{FAE04EC0-301F-11D3-BF4B-00C04F79EFBC}") = "pb12", "pb12\pb12.csproj", "{A75DFB3D-4D9F-4D4A-A3F2-BE27B7886F3D}"
EndProject
Project("{FAE04EC0-301F-11D3-BF4B-00C04F79EFBC}") = "pb13", "pb13\pb13.csproj", "{8ABC4F66-14AB-4EEC-A8B2-B70F118657A0}"
EndProject
Project("{FAE04EC0-301F-11D3-BF4B-00C04F79EFBC}") = "pb14", "pb14\pb14.csproj", "{67426BC0-5307-44B3-9424-4B002A106B75}"
EndProject
Project("{FAE04EC0-301F-11D3-BF4B-00C04F79EFBC}") = "pb15", "pb15\pb15.csproj", "{18E7EDA5-E355-4DC1-ABE2-B754BF1457B0}"
EndProject
Project("{FAE04EC0-301F-11D3-BF4B-00C04F79EFBC}") = "pb16", "pb16\pb16.csproj", "{EBECA6F8-59B1-4923-8788-F9B6431598B6}"
EndProject
Project("{FAE04EC0-301F-11D3-BF4B-00C04F79EFBC}") = "pb17", "pb17\pb17.csproj", "{5DA79FD8-96CC-4F6E-9B97-6987A7F08E1E}"
EndProject
Project("{FAE04EC0-301F-11D3-BF4B-00C04F79EFBC}") = "pb18", "pb18\pb18.csproj", "{1D601897-E81A-481F-8ECA-74F98A2615AA}"
EndProject
Project("{FAE04EC0-301F-11D3-BF4B-00C04F79EFBC}") = "pb19", "pb19\pb19.csproj", "{28046877-67CB-42F1-B2AA-266B860B1D70}"
EndProject
Project("{FAE04EC0-301F-11D3-BF4B-00C04F79EFBC}") = "pb21", "pb21\pb21.csproj", "{89CC00CC-CE37-4318-93A6-740ABB849950}"
EndProject
Project("{FAE04EC0-301F-11D3-BF4B-00C04F79EFBC}") = "pb25", "pb25\pb25.csproj", "{5406E499-B840-42E6-8267-46408A6E1E39}"
EndProject
Project("{FAE04EC0-301F-11D3-BF4B-00C04F79EFBC}") = "pb27", "pb27\pb27.csproj", "{93A6908B-0C8E-4D34-982A-9138A47DCA0F}"
EndProject
Project("{FAE04EC0-301F-11D3-BF4B-00C04F79EFBC}") = "pb28", "pb28\pb28.csproj", "{448B5B6B-0D37-4535-A89E-1608328D1F89}"
EndProject
Project("{FAE04EC0-301F-11D3-BF4B-00C04F79EFBC}") = "pb29", "pb29\pb29.csproj", "{B86BC7F2-8F9C-4F8F-80A6-A1891A68280A}"
EndProject
Project("{FAE04EC0-301F-11D3-BF4B-00C04F79EFBC}") = "pb30", "pb30\pb30.csproj", "{48160237-ADDB-4098-A20A-DE1B8272F345}"
EndProject
Global
	GlobalSection(SolutionConfigurationPlatforms) = preSolution
		Debug|Any CPU = Debug|Any CPU
		Release|Any CPU = Release|Any CPU
	EndGlobalSection
	GlobalSection(ProjectConfigurationPlatforms) = postSolution
		{7132FDFF-7A0E-454A-A389-3797D3C9EFA7}.Debug|Any CPU.ActiveCfg = Debug|Any CPU
		{7132FDFF-7A0E-454A-A389-3797D3C9EFA7}.Debug|Any CPU.Build.0 = Debug|Any CPU
		{7132FDFF-7A0E-454A-A389-3797D3C9EFA7}.Release|Any CPU.ActiveCfg = Release|Any CPU
		{7132FDFF-7A0E-454A-A389-3797D3C9EFA7}.Release|Any CPU.Build.0 = Release|Any CPU
		{899E6349-E615-46E2-BA19-15FC7980F880}.Debug|Any CPU.ActiveCfg = Debug|Any CPU
		{899E6349-E615-46E2-BA19-15FC7980F880}.Debug|Any CPU.Build.0 = Debug|Any CPU
		{899E6349-E615-46E2-BA19-15FC7980F880}.Release|Any CPU.ActiveCfg = Release|Any CPU
		{899E6349-E615-46E2-BA19-15FC7980F880}.Release|Any CPU.Build.0 = Release|Any CPU
		{3F64B01D-9959-489E-8305-6707816B8D31}.Debug|Any CPU.ActiveCfg = Debug|Any CPU
		{3F64B01D-9959-489E-8305-6707816B8D31}.Debug|Any CPU.Build.0 = Debug|Any CPU
		{3F64B01D-9959-489E-8305-6707816B8D31}.Release|Any CPU.ActiveCfg = Release|Any CPU
		{3F64B01D-9959-489E-8305-6707816B8D31}.Release|Any CPU.Build.0 = Release|Any CPU
		{BD4E7453-7422-4870-94FB-6CF68A2CDB40}.Debug|Any CPU.ActiveCfg = Debug|Any CPU
		{BD4E7453-7422-4870-94FB-6CF68A2CDB40}.Debug|Any CPU.Build.0 = Debug|Any CPU
		{BD4E7453-7422-4870-94FB-6CF68A2CDB40}.Release|Any CPU.ActiveCfg = Release|Any CPU
		{BD4E7453-7422-4870-94FB-6CF68A2CDB40}.Release|Any CPU.Build.0 = Release|Any CPU
		{8F1A1761-7D7D-4786-8C8E-9656D696C0A0}.Debug|Any CPU.ActiveCfg = Debug|Any CPU
		{8F1A1761-7D7D-4786-8C8E-9656D696C0A0}.Debug|Any CPU.Build.0 = Debug|Any CPU
		{8F1A1761-7D7D-4786-8C8E-9656D696C0A0}.Release|Any CPU.ActiveCfg = Release|Any CPU
		{8F1A1761-7D7D-4786-8C8E-9656D696C0A0}.Release|Any CPU.Build.0 = Release|Any CPU
		{FED658E7-D9A2-485F-933C-942962257897}.Debug|Any CPU.ActiveCfg = Debug|Any CPU
		{FED658E7-D9A2-485F-933C-942962257897}.Debug|Any CPU.Build.0 = Debug|Any CPU
		{FED658E7-D9A2-485F-933C-942962257897}.Release|Any CPU.ActiveCfg = Release|Any CPU
		{FED658E7-D9A2-485F-933C-942962257897}.Release|Any CPU.Build.0 = Release|Any CPU
		{5A9C3145-D8D4-4F05-995C-D29134B59CFD}.Debug|Any CPU.ActiveCfg = Debug|Any CPU
		{5A9C3145-D8D4-4F05-995C-D29134B59CFD}.Debug|Any CPU.Build.0 = Debug|Any CPU
		{5A9C3145-D8D4-4F05-995C-D29134B59CFD}.Release|Any CPU.ActiveCfg = Release|Any CPU
		{5A9C3145-D8D4-4F05-995C-D29134B59CFD}.Release|Any CPU.Build.0 = Release|Any CPU
		{DAB27575-8530-4BA4-BD39-C017F16505D4}.Debug|Any CPU.ActiveCfg = Debug|Any CPU
		{DAB27575-8530-4BA4-BD39-C017F16505D4}.Debug|Any CPU.Build.0 = Debug|Any CPU
		{DAB27575-8530-4BA4-BD39-C017F16505D4}.Release|Any CPU.ActiveCfg = Release|Any CPU
		{DAB27575-8530-4BA4-BD39-C017F16505D4}.Release|Any CPU.Build.0 = Release|Any CPU
		{D6F60A4F-EC66-4900-99B1-05E73F09BB65}.Debug|Any CPU.ActiveCfg = Debug|Any CPU
		{D6F60A4F-EC66-4900-99B1-05E73F09BB65}.Debug|Any CPU.Build.0 = Debug|Any CPU
		{D6F60A4F-EC66-4900-99B1-05E73F09BB65}.Release|Any CPU.ActiveCfg = Release|Any CPU
		{D6F60A4F-EC66-4900-99B1-05E73F09BB65}.Release|Any CPU.Build.0 = Release|Any CPU
		{7DBF70AF-68EB-4F41-B65B-1BDDFADFB32B}.Debug|Any CPU.ActiveCfg = Debug|Any CPU
		{7DBF70AF-68EB-4F41-B65B-1BDDFADFB32B}.Debug|Any CPU.Build.0 = Debug|Any CPU
		{7DBF70AF-68EB-4F41-B65B-1BDDFADFB32B}.Release|Any CPU.ActiveCfg = Release|Any CPU
		{7DBF70AF-68EB-4F41-B65B-1BDDFADFB32B}.Release|Any CPU.Build.0 = Release|Any CPU
		{9EB07B67-A716-4F24-B035-223D7B887EDA}.Debug|Any CPU.ActiveCfg = Debug|Any CPU
		{9EB07B67-A716-4F24-B035-223D7B887EDA}.Debug|Any CPU.Build.0 = Debug|Any CPU
		{9EB07B67-A716-4F24-B035-223D7B887EDA}.Release|Any CPU.ActiveCfg = Release|Any CPU
		{9EB07B67-A716-4F24-B035-223D7B887EDA}.Release|Any CPU.Build.0 = Release|Any CPU
		{A75DFB3D-4D9F-4D4A-A3F2-BE27B7886F3D}.Debug|Any CPU.ActiveCfg = Debug|Any CPU
		{A75DFB3D-4D9F-4D4A-A3F2-BE27B7886F3D}.Debug|Any CPU.Build.0 = Debug|Any CPU
		{A75DFB3D-4D9F-4D4A-A3F2-BE27B7886F3D}.Release|Any CPU.ActiveCfg = Release|Any CPU
		{A75DFB3D-4D9F-4D4A-A3F2-BE27B7886F3D}.Release|Any CPU.Build.0 = Release|Any CPU
		{8ABC4F66-14AB-4EEC-A8B2-B70F118657A0}.Debug|Any CPU.ActiveCfg = Debug|Any CPU
		{8ABC4F66-14AB-4EEC-A8B2-B70F118657A0}.Debug|Any CPU.Build.0 = Debug|Any CPU
		{8ABC4F66-14AB-4EEC-A8B2-B70F118657A0}.Release|Any CPU.ActiveCfg = Release|Any CPU
		{8ABC4F66-14AB-4EEC-A8B2-B70F118657A0}.Release|Any CPU.Build.0 = Release|Any CPU
		{67426BC0-5307-44B3-9424-4B002A106B75}.Debug|Any CPU.ActiveCfg = Debug|Any CPU
		{67426BC0-5307-44B3-9424-4B002A106B75}.Debug|Any CPU.Build.0 = Debug|Any CPU
		{67426BC0-5307-44B3-9424-4B002A106B75}.Release|Any CPU.ActiveCfg = Release|Any CPU
		{67426BC0-5307-44B3-9424-4B002A106B75}.Release|Any CPU.Build.0 = Release|Any CPU
		{18E7EDA5-E355-4DC1-ABE2-B754BF1457B0}.Debug|Any CPU.ActiveCfg = Debug|Any CPU
		{18E7EDA5-E355-4DC1-ABE2-B754BF1457B0}.Debug|Any CPU.Build.0 = Debug|Any CPU
		{18E7EDA5-E355-4DC1-ABE2-B754BF1457B0}.Release|Any CPU.ActiveCfg = Release|Any CPU
		{18E7EDA5-E355-4DC1-ABE2-B754BF1457B0}.Release|Any CPU.Build.0 = Release|Any CPU
		{EBECA6F8-59B1-4923-8788-F9B6431598B6}.Debug|Any CPU.ActiveCfg = Debug|Any CPU
		{EBECA6F8-59B1-4923-8788-F9B6431598B6}.Debug|Any CPU.Build.0 = Debug|Any CPU
		{EBECA6F8-59B1-4923-8788-F9B6431598B6}.Release|Any CPU.ActiveCfg = Release|Any CPU
		{EBECA6F8-59B1-4923-8788-F9B6431598B6}.Release|Any CPU.Build.0 = Release|Any CPU
		{5DA79FD8-96CC-4F6E-9B97-6987A7F08E1E}.Debug|Any CPU.ActiveCfg = Debug|Any CPU
		{5DA79FD8-96CC-4F6E-9B97-6987A7F08E1E}.Debug|Any CPU.Build.0 = Debug|Any CPU
		{5DA79FD8-96CC-4F6E-9B97-6987A7F08E1E}.Release|Any CPU.ActiveCfg = Release|Any CPU
		{5DA79FD8-96CC-4F6E-9B97-6987A7F08E1E}.Release|Any CPU.Build.0 = Release|Any CPU
		{1D601897-E81A-481F-8ECA-74F98A2615AA}.Debug|Any CPU.ActiveCfg = Debug|Any CPU
		{1D601897-E81A-481F-8ECA-74F98A2615AA}.Debug|Any CPU.Build.0 = Debug|Any CPU
		{1D601897-E81A-481F-8ECA-74F98A2615AA}.Release|Any CPU.ActiveCfg = Release|Any CPU
		{1D601897-E81A-481F-8ECA-74F98A2615AA}.Release|Any CPU.Build.0 = Release|Any CPU
		{28046877-67CB-42F1-B2AA-266B860B1D70}.Debug|Any CPU.ActiveCfg = Debug|Any CPU
		{28046877-67CB-42F1-B2AA-266B860B1D70}.Debug|Any CPU.Build.0 = Debug|Any CPU
		{28046877-67CB-42F1-B2AA-266B860B1D70}.Release|Any CPU.ActiveCfg = Release|Any CPU
		{28046877-67CB-42F1-B2AA-266B860B1D70}.Release|Any CPU.Build.0 = Release|Any CPU
		{89CC00CC-CE37-4318-93A6-740ABB849950}.Debug|Any CPU.ActiveCfg = Debug|Any CPU
		{89CC00CC-CE37-4318-93A6-740ABB849950}.Debug|Any CPU.Build.0 = Debug|Any CPU
		{89CC00CC-CE37-4318-93A6-740ABB849950}.Release|Any CPU.ActiveCfg = Release|Any CPU
		{89CC00CC-CE37-4318-93A6-740ABB849950}.Release|Any CPU.Build.0 = Release|Any CPU
		{5406E499-B840-42E6-8267-46408A6E1E39}.Debug|Any CPU.ActiveCfg = Debug|Any CPU
		{5406E499-B840-42E6-8267-46408A6E1E39}.Debug|Any CPU.Build.0 = Debug|Any CPU
		{5406E499-B840-42E6-8267-46408A6E1E39}.Release|Any CPU.ActiveCfg = Release|Any CPU
		{5406E499-B840-42E6-8267-46408A6E1E39}.Release|Any CPU.Build.0 = Release|Any CPU
		{93A6908B-0C8E-4D34-982A-9138A47DCA0F}.Debug|Any CPU.ActiveCfg = Debug|Any CPU
		{93A6908B-0C8E-4D34-982A-9138A47DCA0F}.Debug|Any CPU.Build.0 = Debug|Any CPU
		{93A6908B-0C8E-4D34-982A-9138A47DCA0F}.Release|Any CPU.ActiveCfg = Release|Any CPU
		{93A6908B-0C8E-4D34-982A-9138A47DCA0F}.Release|Any CPU.Build.0 = Release|Any CPU
		{448B5B6B-0D37-4535-A89E-1608328D1F89}.Debug|Any CPU.ActiveCfg = Debug|Any CPU
		{448B5B6B-0D37-4535-A89E-1608328D1F89}.Debug|Any CPU.Build.0 = Debug|Any CPU
		{448B5B6B-0D37-4535-A89E-1608328D1F89}.Release|Any CPU.ActiveCfg = Release|Any CPU
		{448B5B6B-0D37-4535-A89E-1608328D1F89}.Release|Any CPU.Build.0 = Release|Any CPU
		{B86BC7F2-8F9C-4F8F-80A6-A1891A68280A}.Debug|Any CPU.ActiveCfg = Debug|Any CPU
		{B86BC7F2-8F9C-4F8F-80A6-A1891A68280A}.Debug|Any CPU.Build.0 = Debug|Any CPU
		{B86BC7F2-8F9C-4F8F-80A6-A1891A68280A}.Release|Any CPU.ActiveCfg = Release|Any CPU
		{B86BC7F2-8F9C-4F8F-80A6-A1891A68280A}.Release|Any CPU.Build.0 = Release|Any CPU
		{48160237-ADDB-4098-A20A-DE1B8272F345}.Debug|Any CPU.ActiveCfg = Debug|Any CPU
		{48160237-ADDB-4098-A20A-DE1B8272F345}.Debug|Any CPU.Build.0 = Debug|Any CPU
		{48160237-ADDB-4098-A20A-DE1B8272F345}.Release|Any CPU.ActiveCfg = Release|Any CPU
		{48160237-ADDB-4098-A20A-DE1B8272F345}.Release|Any CPU.Build.0 = Release|Any CPU
	EndGlobalSection
	GlobalSection(SolutionProperties) = preSolution
		HideSolutionNode = FALSE
	EndGlobalSection
	GlobalSection(ExtensibilityGlobals) = postSolution
		SolutionGuid = {BE06430C-5E2F-43AA-A3C9-60193342C846}
	EndGlobalSection
EndGlobal
